// !$*UTF8*$!
{
	archiveVersion = 1;
	classes = {
	};
	objectVersion = 50;
	objects = {

/* Begin PBXBuildFile section */
		489C5629224DC19F00AA1318 /* AppDelegate.m in Sources */ = {isa = PBXBuildFile; fileRef = 489C5628224DC19F00AA1318 /* AppDelegate.m */; };
		489C562C224DC19F00AA1318 /* ViewController.m in Sources */ = {isa = PBXBuildFile; fileRef = 489C562B224DC19F00AA1318 /* ViewController.m */; };
		489C562F224DC19F00AA1318 /* Main.storyboard in Resources */ = {isa = PBXBuildFile; fileRef = 489C562D224DC19F00AA1318 /* Main.storyboard */; };
		489C5631224DC1A100AA1318 /* Assets.xcassets in Resources */ = {isa = PBXBuildFile; fileRef = 489C5630224DC1A100AA1318 /* Assets.xcassets */; };
		489C5634224DC1A100AA1318 /* LaunchScreen.storyboard in Resources */ = {isa = PBXBuildFile; fileRef = 489C5632224DC1A100AA1318 /* LaunchScreen.storyboard */; };
		489C5637224DC1A100AA1318 /* main.m in Sources */ = {isa = PBXBuildFile; fileRef = 489C5636224DC1A100AA1318 /* main.m */; };
		489C5641224DC1A100AA1318 /* HFMDBModelDemoTests.m in Sources */ = {isa = PBXBuildFile; fileRef = 489C5640224DC1A100AA1318 /* HFMDBModelDemoTests.m */; };
		489C564C224DC1A100AA1318 /* HFMDBModelDemoUITests.m in Sources */ = {isa = PBXBuildFile; fileRef = 489C564B224DC1A100AA1318 /* HFMDBModelDemoUITests.m */; };
		489C565B224DC3BE00AA1318 /* HPersonModel.m in Sources */ = {isa = PBXBuildFile; fileRef = 489C565A224DC3BE00AA1318 /* HPersonModel.m */; };
		489C565E224DCAF500AA1318 /* HFMDBHelp.m in Sources */ = {isa = PBXBuildFile; fileRef = 489C565D224DCAF500AA1318 /* HFMDBHelp.m */; };
		489C5661224DE74000AA1318 /* HFMDBModel.m in Sources */ = {isa = PBXBuildFile; fileRef = 489C5660224DE74000AA1318 /* HFMDBModel.m */; };
		A54E602EDFB494E6D12D7FBE /* Pods_HFMDBModelDemo.framework in Frameworks */ = {isa = PBXBuildFile; fileRef = 4D2402678759267FC8F54FCD /* Pods_HFMDBModelDemo.framework */; };
/* End PBXBuildFile section */

/* Begin PBXContainerItemProxy section */
		489C563D224DC1A100AA1318 /* PBXContainerItemProxy */ = {
			isa = PBXContainerItemProxy;
			containerPortal = 489C561C224DC19F00AA1318 /* Project object */;
			proxyType = 1;
			remoteGlobalIDString = 489C5623224DC19F00AA1318;
			remoteInfo = HFMDBModelDemo;
		};
		489C5648224DC1A100AA1318 /* PBXContainerItemProxy */ = {
			isa = PBXContainerItemProxy;
			containerPortal = 489C561C224DC19F00AA1318 /* Project object */;
			proxyType = 1;
			remoteGlobalIDString = 489C5623224DC19F00AA1318;
			remoteInfo = HFMDBModelDemo;
		};
/* End PBXContainerItemProxy section */

/* Begin PBXFileReference section */
		489C5624224DC19F00AA1318 /* HFMDBModelDemo.app */ = {isa = PBXFileReference; explicitFileType = wrapper.application; includeInIndex = 0; path = HFMDBModelDemo.app; sourceTree = BUILT_PRODUCTS_DIR; };
		489C5627224DC19F00AA1318 /* AppDelegate.h */ = {isa = PBXFileReference; lastKnownFileType = sourcecode.c.h; path = AppDelegate.h; sourceTree = "<group>"; };
		489C5628224DC19F00AA1318 /* AppDelegate.m */ = {isa = PBXFileReference; lastKnownFileType = sourcecode.c.objc; path = AppDelegate.m; sourceTree = "<group>"; };
		489C562A224DC19F00AA1318 /* ViewController.h */ = {isa = PBXFileReference; lastKnownFileType = sourcecode.c.h; path = ViewController.h; sourceTree = "<group>"; };
		489C562B224DC19F00AA1318 /* ViewController.m */ = {isa = PBXFileReference; lastKnownFileType = sourcecode.c.objc; path = ViewController.m; sourceTree = "<group>"; };
		489C562E224DC19F00AA1318 /* Base */ = {isa = PBXFileReference; lastKnownFileType = file.storyboard; name = Base; path = Base.lproj/Main.storyboard; sourceTree = "<group>"; };
		489C5630224DC1A100AA1318 /* Assets.xcassets */ = {isa = PBXFileReference; lastKnownFileType = folder.assetcatalog; path = Assets.xcassets; sourceTree = "<group>"; };
		489C5633224DC1A100AA1318 /* Base */ = {isa = PBXFileReference; lastKnownFileType = file.storyboard; name = Base; path = Base.lproj/LaunchScreen.storyboard; sourceTree = "<group>"; };
		489C5635224DC1A100AA1318 /* Info.plist */ = {isa = PBXFileReference; lastKnownFileType = text.plist.xml; path = Info.plist; sourceTree = "<group>"; };
		489C5636224DC1A100AA1318 /* main.m */ = {isa = PBXFileReference; lastKnownFileType = sourcecode.c.objc; path = main.m; sourceTree = "<group>"; };
		489C563C224DC1A100AA1318 /* HFMDBModelDemoTests.xctest */ = {isa = PBXFileReference; explicitFileType = wrapper.cfbundle; includeInIndex = 0; path = HFMDBModelDemoTests.xctest; sourceTree = BUILT_PRODUCTS_DIR; };
		489C5640224DC1A100AA1318 /* HFMDBModelDemoTests.m */ = {isa = PBXFileReference; lastKnownFileType = sourcecode.c.objc; path = HFMDBModelDemoTests.m; sourceTree = "<group>"; };
		489C5642224DC1A100AA1318 /* Info.plist */ = {isa = PBXFileReference; lastKnownFileType = text.plist.xml; path = Info.plist; sourceTree = "<group>"; };
		489C5647224DC1A100AA1318 /* HFMDBModelDemoUITests.xctest */ = {isa = PBXFileReference; explicitFileType = wrapper.cfbundle; includeInIndex = 0; path = HFMDBModelDemoUITests.xctest; sourceTree = BUILT_PRODUCTS_DIR; };
		489C564B224DC1A100AA1318 /* HFMDBModelDemoUITests.m */ = {isa = PBXFileReference; lastKnownFileType = sourcecode.c.objc; path = HFMDBModelDemoUITests.m; sourceTree = "<group>"; };
		489C564D224DC1A100AA1318 /* Info.plist */ = {isa = PBXFileReference; lastKnownFileType = text.plist.xml; path = Info.plist; sourceTree = "<group>"; };
		489C5659224DC3BE00AA1318 /* HPersonModel.h */ = {isa = PBXFileReference; lastKnownFileType = sourcecode.c.h; path = HPersonModel.h; sourceTree = "<group>"; };
		489C565A224DC3BE00AA1318 /* HPersonModel.m */ = {isa = PBXFileReference; lastKnownFileType = sourcecode.c.objc; path = HPersonModel.m; sourceTree = "<group>"; };
		489C565C224DCAF500AA1318 /* HFMDBHelp.h */ = {isa = PBXFileReference; lastKnownFileType = sourcecode.c.h; path = HFMDBHelp.h; sourceTree = "<group>"; };
		489C565D224DCAF500AA1318 /* HFMDBHelp.m */ = {isa = PBXFileReference; lastKnownFileType = sourcecode.c.objc; path = HFMDBHelp.m; sourceTree = "<group>"; };
		489C565F224DE74000AA1318 /* HFMDBModel.h */ = {isa = PBXFileReference; lastKnownFileType = sourcecode.c.h; path = HFMDBModel.h; sourceTree = "<group>"; };
		489C5660224DE74000AA1318 /* HFMDBModel.m */ = {isa = PBXFileReference; lastKnownFileType = sourcecode.c.objc; path = HFMDBModel.m; sourceTree = "<group>"; };
		4D2402678759267FC8F54FCD /* Pods_HFMDBModelDemo.framework */ = {isa = PBXFileReference; explicitFileType = wrapper.framework; includeInIndex = 0; path = Pods_HFMDBModelDemo.framework; sourceTree = BUILT_PRODUCTS_DIR; };
		8AB6E908AF6F018A0893AAD2 /* Pods-HFMDBModelDemo.debug.xcconfig */ = {isa = PBXFileReference; includeInIndex = 1; lastKnownFileType = text.xcconfig; name = "Pods-HFMDBModelDemo.debug.xcconfig"; path = "Target Support Files/Pods-HFMDBModelDemo/Pods-HFMDBModelDemo.debug.xcconfig"; sourceTree = "<group>"; };
		F189F18E4A2B6B8600488219 /* Pods-HFMDBModelDemo.release.xcconfig */ = {isa = PBXFileReference; includeInIndex = 1; lastKnownFileType = text.xcconfig; name = "Pods-HFMDBModelDemo.release.xcconfig"; path = "Target Support Files/Pods-HFMDBModelDemo/Pods-HFMDBModelDemo.release.xcconfig"; sourceTree = "<group>"; };
/* End PBXFileReference section */

/* Begin PBXFrameworksBuildPhase section */
		489C5621224DC19F00AA1318 /* Frameworks */ = {
			isa = PBXFrameworksBuildPhase;
			buildActionMask = 2147483647;
			files = (
				A54E602EDFB494E6D12D7FBE /* Pods_HFMDBModelDemo.framework in Frameworks */,
			);
			runOnlyForDeploymentPostprocessing = 0;
		};
		489C5639224DC1A100AA1318 /* Frameworks */ = {
			isa = PBXFrameworksBuildPhase;
			buildActionMask = 2147483647;
			files = (
			);
			runOnlyForDeploymentPostprocessing = 0;
		};
		489C5644224DC1A100AA1318 /* Frameworks */ = {
			isa = PBXFrameworksBuildPhase;
			buildActionMask = 2147483647;
			files = (
			);
			runOnlyForDeploymentPostprocessing = 0;
		};
/* End PBXFrameworksBuildPhase section */

/* Begin PBXGroup section */
		489C561B224DC19F00AA1318 = {
			isa = PBXGroup;
			children = (
				489C5626224DC19F00AA1318 /* HFMDBModelDemo */,
				489C563F224DC1A100AA1318 /* HFMDBModelDemoTests */,
				489C564A224DC1A100AA1318 /* HFMDBModelDemoUITests */,
				489C5625224DC19F00AA1318 /* Products */,
				D368D97C01D7D61C1E3B2E9E /* Pods */,
				595E9F60ADA1DF782F7AB84B /* Frameworks */,
			);
			sourceTree = "<group>";
		};
		489C5625224DC19F00AA1318 /* Products */ = {
			isa = PBXGroup;
			children = (
				489C5624224DC19F00AA1318 /* HFMDBModelDemo.app */,
				489C563C224DC1A100AA1318 /* HFMDBModelDemoTests.xctest */,
				489C5647224DC1A100AA1318 /* HFMDBModelDemoUITests.xctest */,
			);
			name = Products;
			sourceTree = "<group>";
		};
		489C5626224DC19F00AA1318 /* HFMDBModelDemo */ = {
			isa = PBXGroup;
			children = (
				489C5627224DC19F00AA1318 /* AppDelegate.h */,
				489C5628224DC19F00AA1318 /* AppDelegate.m */,
				489C562A224DC19F00AA1318 /* ViewController.h */,
				489C562B224DC19F00AA1318 /* ViewController.m */,
				489C5659224DC3BE00AA1318 /* HPersonModel.h */,
				489C565A224DC3BE00AA1318 /* HPersonModel.m */,
				489C565C224DCAF500AA1318 /* HFMDBHelp.h */,
				489C565D224DCAF500AA1318 /* HFMDBHelp.m */,
				489C565F224DE74000AA1318 /* HFMDBModel.h */,
				489C5660224DE74000AA1318 /* HFMDBModel.m */,
				489C562D224DC19F00AA1318 /* Main.storyboard */,
				489C5630224DC1A100AA1318 /* Assets.xcassets */,
				489C5632224DC1A100AA1318 /* LaunchScreen.storyboard */,
				489C5635224DC1A100AA1318 /* Info.plist */,
				489C5636224DC1A100AA1318 /* main.m */,
			);
			path = HFMDBModelDemo;
			sourceTree = "<group>";
		};
		489C563F224DC1A100AA1318 /* HFMDBModelDemoTests */ = {
			isa = PBXGroup;
			children = (
				489C5640224DC1A100AA1318 /* HFMDBModelDemoTests.m */,
				489C5642224DC1A100AA1318 /* Info.plist */,
			);
			path = HFMDBModelDemoTests;
			sourceTree = "<group>";
		};
		489C564A224DC1A100AA1318 /* HFMDBModelDemoUITests */ = {
			isa = PBXGroup;
			children = (
				489C564B224DC1A100AA1318 /* HFMDBModelDemoUITests.m */,
				489C564D224DC1A100AA1318 /* Info.plist */,
			);
			path = HFMDBModelDemoUITests;
			sourceTree = "<group>";
		};
		595E9F60ADA1DF782F7AB84B /* Frameworks */ = {
			isa = PBXGroup;
			children = (
				4D2402678759267FC8F54FCD /* Pods_HFMDBModelDemo.framework */,
			);
			name = Frameworks;
			sourceTree = "<group>";
		};
		D368D97C01D7D61C1E3B2E9E /* Pods */ = {
			isa = PBXGroup;
			children = (
				8AB6E908AF6F018A0893AAD2 /* Pods-HFMDBModelDemo.debug.xcconfig */,
				F189F18E4A2B6B8600488219 /* Pods-HFMDBModelDemo.release.xcconfig */,
			);
			path = Pods;
			sourceTree = "<group>";
		};
/* End PBXGroup section */

/* Begin PBXNativeTarget section */
		489C5623224DC19F00AA1318 /* HFMDBModelDemo */ = {
			isa = PBXNativeTarget;
			buildConfigurationList = 489C5650224DC1A100AA1318 /* Build configuration list for PBXNativeTarget "HFMDBModelDemo" */;
			buildPhases = (
				AC87F3163A059374F41D1182 /* [CP] Check Pods Manifest.lock */,
				489C5620224DC19F00AA1318 /* Sources */,
				489C5621224DC19F00AA1318 /* Frameworks */,
				489C5622224DC19F00AA1318 /* Resources */,
				C4FABD316FF140B596C7E162 /* [CP] Embed Pods Frameworks */,
			);
			buildRules = (
			);
			dependencies = (
			);
			name = HFMDBModelDemo;
			productName = HFMDBModelDemo;
			productReference = 489C5624224DC19F00AA1318 /* HFMDBModelDemo.app */;
			productType = "com.apple.product-type.application";
		};
		489C563B224DC1A100AA1318 /* HFMDBModelDemoTests */ = {
			isa = PBXNativeTarget;
			buildConfigurationList = 489C5653224DC1A100AA1318 /* Build configuration list for PBXNativeTarget "HFMDBModelDemoTests" */;
			buildPhases = (
				489C5638224DC1A100AA1318 /* Sources */,
				489C5639224DC1A100AA1318 /* Frameworks */,
				489C563A224DC1A100AA1318 /* Resources */,
			);
			buildRules = (
			);
			dependencies = (
				489C563E224DC1A100AA1318 /* PBXTargetDependency */,
			);
			name = HFMDBModelDemoTests;
			productName = HFMDBModelDemoTests;
			productReference = 489C563C224DC1A100AA1318 /* HFMDBModelDemoTests.xctest */;
			productType = "com.apple.product-type.bundle.unit-test";
		};
		489C5646224DC1A100AA1318 /* HFMDBModelDemoUITests */ = {
			isa = PBXNativeTarget;
			buildConfigurationList = 489C5656224DC1A100AA1318 /* Build configuration list for PBXNativeTarget "HFMDBModelDemoUITests" */;
			buildPhases = (
				489C5643224DC1A100AA1318 /* Sources */,
				489C5644224DC1A100AA1318 /* Frameworks */,
				489C5645224DC1A100AA1318 /* Resources */,
			);
			buildRules = (
			);
			dependencies = (
				489C5649224DC1A100AA1318 /* PBXTargetDependency */,
			);
			name = HFMDBModelDemoUITests;
			productName = HFMDBModelDemoUITests;
			productReference = 489C5647224DC1A100AA1318 /* HFMDBModelDemoUITests.xctest */;
			productType = "com.apple.product-type.bundle.ui-testing";
		};
/* End PBXNativeTarget section */

/* Begin PBXProject section */
		489C561C224DC19F00AA1318 /* Project object */ = {
			isa = PBXProject;
			attributes = {
				LastUpgradeCheck = 1010;
				ORGANIZATIONNAME = hzsmac;
				TargetAttributes = {
					489C5623224DC19F00AA1318 = {
						CreatedOnToolsVersion = 10.1;
					};
					489C563B224DC1A100AA1318 = {
						CreatedOnToolsVersion = 10.1;
						TestTargetID = 489C5623224DC19F00AA1318;
					};
					489C5646224DC1A100AA1318 = {
						CreatedOnToolsVersion = 10.1;
						TestTargetID = 489C5623224DC19F00AA1318;
					};
				};
			};
			buildConfigurationList = 489C561F224DC19F00AA1318 /* Build configuration list for PBXProject "HFMDBModelDemo" */;
			compatibilityVersion = "Xcode 9.3";
			developmentRegion = en;
			hasScannedForEncodings = 0;
			knownRegions = (
				en,
				Base,
			);
			mainGroup = 489C561B224DC19F00AA1318;
			productRefGroup = 489C5625224DC19F00AA1318 /* Products */;
			projectDirPath = "";
			projectRoot = "";
			targets = (
				489C5623224DC19F00AA1318 /* HFMDBModelDemo */,
				489C563B224DC1A100AA1318 /* HFMDBModelDemoTests */,
				489C5646224DC1A100AA1318 /* HFMDBModelDemoUITests */,
			);
		};
/* End PBXProject section */

/* Begin PBXResourcesBuildPhase section */
		489C5622224DC19F00AA1318 /* Resources */ = {
			isa = PBXResourcesBuildPhase;
			buildActionMask = 2147483647;
			files = (
				489C5634224DC1A100AA1318 /* LaunchScreen.storyboard in Resources */,
				489C5631224DC1A100AA1318 /* Assets.xcassets in Resources */,
				489C562F224DC19F00AA1318 /* Main.storyboard in Resources */,
			);
			runOnlyForDeploymentPostprocessing = 0;
		};
		489C563A224DC1A100AA1318 /* Resources */ = {
			isa = PBXResourcesBuildPhase;
			buildActionMask = 2147483647;
			files = (
			);
			runOnlyForDeploymentPostprocessing = 0;
		};
		489C5645224DC1A100AA1318 /* Resources */ = {
			isa = PBXResourcesBuildPhase;
			buildActionMask = 2147483647;
			files = (
			);
			runOnlyForDeploymentPostprocessing = 0;
		};
/* End PBXResourcesBuildPhase section */

/* Begin PBXShellScriptBuildPhase section */
		AC87F3163A059374F41D1182 /* [CP] Check Pods Manifest.lock */ = {
			isa = PBXShellScriptBuildPhase;
			buildActionMask = 2147483647;
			files = (
			);
			inputFileListPaths = (
			);
			inputPaths = (
				"${PODS_PODFILE_DIR_PATH}/Podfile.lock",
				"${PODS_ROOT}/Manifest.lock",
			);
			name = "[CP] Check Pods Manifest.lock";
			outputFileListPaths = (
			);
			outputPaths = (
				"$(DERIVED_FILE_DIR)/Pods-HFMDBModelDemo-checkManifestLockResult.txt",
			);
			runOnlyForDeploymentPostprocessing = 0;
			shellPath = /bin/sh;
			shellScript = "diff \"${PODS_PODFILE_DIR_PATH}/Podfile.lock\" \"${PODS_ROOT}/Manifest.lock\" > /dev/null\nif [ $? != 0 ] ; then\n    # print error to STDERR\n    echo \"error: The sandbox is not in sync with the Podfile.lock. Run 'pod install' or update your CocoaPods installation.\" >&2\n    exit 1\nfi\n# This output is used by Xcode 'outputs' to avoid re-running this script phase.\necho \"SUCCESS\" > \"${SCRIPT_OUTPUT_FILE_0}\"\n";
			showEnvVarsInLog = 0;
		};
		C4FABD316FF140B596C7E162 /* [CP] Embed Pods Frameworks */ = {
			isa = PBXShellScriptBuildPhase;
			buildActionMask = 2147483647;
			files = (
			);
			inputFileListPaths = (
			);
			inputPaths = (
				"${PODS_ROOT}/Target Support Files/Pods-HFMDBModelDemo/Pods-HFMDBModelDemo-frameworks.sh",
				"${BUILT_PRODUCTS_DIR}/FMDB/FMDB.framework",
			);
			name = "[CP] Embed Pods Frameworks";
			outputFileListPaths = (
			);
			outputPaths = (
				"${TARGET_BUILD_DIR}/${FRAMEWORKS_FOLDER_PATH}/FMDB.framework",
			);
			runOnlyForDeploymentPostprocessing = 0;
			shellPath = /bin/sh;
			shellScript = "\"${PODS_ROOT}/Target Support Files/Pods-HFMDBModelDemo/Pods-HFMDBModelDemo-frameworks.sh\"\n";
			showEnvVarsInLog = 0;
		};
/* End PBXShellScriptBuildPhase section */

/* Begin PBXSourcesBuildPhase section */
		489C5620224DC19F00AA1318 /* Sources */ = {
			isa = PBXSourcesBuildPhase;
			buildActionMask = 2147483647;
			files = (
				489C562C224DC19F00AA1318 /* ViewController.m in Sources */,
				489C5661224DE74000AA1318 /* HFMDBModel.m in Sources */,
				489C565B224DC3BE00AA1318 /* HPersonModel.m in Sources */,
				489C5637224DC1A100AA1318 /* main.m in Sources */,
				489C565E224DCAF500AA1318 /* HFMDBHelp.m in Sources */,
				489C5629224DC19F00AA1318 /* AppDelegate.m in Sources */,
			);
			runOnlyForDeploymentPostprocessing = 0;
		};
		489C5638224DC1A100AA1318 /* Sources */ = {
			isa = PBXSourcesBuildPhase;
			buildActionMask = 2147483647;
			files = (
				489C5641224DC1A100AA1318 /* HFMDBModelDemoTests.m in Sources */,
			);
			runOnlyForDeploymentPostprocessing = 0;
		};
		489C5643224DC1A100AA1318 /* Sources */ = {
			isa = PBXSourcesBuildPhase;
			buildActionMask = 2147483647;
			files = (
				489C564C224DC1A100AA1318 /* HFMDBModelDemoUITests.m in Sources */,
			);
			runOnlyForDeploymentPostprocessing = 0;
		};
/* End PBXSourcesBuildPhase section */

/* Begin PBXTargetDependency section */
		489C563E224DC1A100AA1318 /* PBXTargetDependency */ = {
			isa = PBXTargetDependency;
			target = 489C5623224DC19F00AA1318 /* HFMDBModelDemo */;
			targetProxy = 489C563D224DC1A100AA1318 /* PBXContainerItemProxy */;
		};
		489C5649224DC1A100AA1318 /* PBXTargetDependency */ = {
			isa = PBXTargetDependency;
			target = 489C5623224DC19F00AA1318 /* HFMDBModelDemo */;
			targetProxy = 489C5648224DC1A100AA1318 /* PBXContainerItemProxy */;
		};
/* End PBXTargetDependency section */

/* Begin PBXVariantGroup section */
		489C562D224DC19F00AA1318 /* Main.storyboard */ = {
			isa = PBXVariantGroup;
			children = (
				489C562E224DC19F00AA1318 /* Base */,
			);
			name = Main.storyboard;
			sourceTree = "<group>";
		};
		489C5632224DC1A100AA1318 /* LaunchScreen.storyboard */ = {
			isa = PBXVariantGroup;
			children = (
				489C5633224DC1A100AA1318 /* Base */,
			);
			name = LaunchScreen.storyboard;
			sourceTree = "<group>";
		};
/* End PBXVariantGroup section */

/* Begin XCBuildConfiguration section */
		489C564E224DC1A100AA1318 /* Debug */ = {
			isa = XCBuildConfiguration;
			buildSettings = {
				ALWAYS_SEARCH_USER_PATHS = NO;
				CLANG_ANALYZER_NONNULL = YES;
				CLANG_ANALYZER_NUMBER_OBJECT_CONVERSION = YES_AGGRESSIVE;
				CLANG_CXX_LANGUAGE_STANDARD = "gnu++14";
				CLANG_CXX_LIBRARY = "libc++";
				CLANG_ENABLE_MODULES = YES;
				CLANG_ENABLE_OBJC_ARC = YES;
				CLANG_ENABLE_OBJC_WEAK = YES;
				CLANG_WARN_BLOCK_CAPTURE_AUTORELEASING = YES;
				CLANG_WARN_BOOL_CONVERSION = YES;
				CLANG_WARN_COMMA = YES;
				CLANG_WARN_CONSTANT_CONVERSION = YES;
				CLANG_WARN_DEPRECATED_OBJC_IMPLEMENTATIONS = YES;
				CLANG_WARN_DIRECT_OBJC_ISA_USAGE = YES_ERROR;
				CLANG_WARN_DOCUMENTATION_COMMENTS = YES;
				CLANG_WARN_EMPTY_BODY = YES;
				CLANG_WARN_ENUM_CONVERSION = YES;
				CLANG_WARN_INFINITE_RECURSION = YES;
				CLANG_WARN_INT_CONVERSION = YES;
				CLANG_WARN_NON_LITERAL_NULL_CONVERSION = YES;
				CLANG_WARN_OBJC_IMPLICIT_RETAIN_SELF = YES;
				CLANG_WARN_OBJC_LITERAL_CONVERSION = YES;
				CLANG_WARN_OBJC_ROOT_CLASS = YES_ERROR;
				CLANG_WARN_RANGE_LOOP_ANALYSIS = YES;
				CLANG_WARN_STRICT_PROTOTYPES = YES;
				CLANG_WARN_SUSPICIOUS_MOVE = YES;
				CLANG_WARN_UNGUARDED_AVAILABILITY = YES_AGGRESSIVE;
				CLANG_WARN_UNREACHABLE_CODE = YES;
				CLANG_WARN__DUPLICATE_METHOD_MATCH = YES;
				CODE_SIGN_IDENTITY = "iPhone Developer";
				COPY_PHASE_STRIP = NO;
				DEBUG_INFORMATION_FORMAT = dwarf;
				ENABLE_STRICT_OBJC_MSGSEND = YES;
				ENABLE_TESTABILITY = YES;
				GCC_C_LANGUAGE_STANDARD = gnu11;
				GCC_DYNAMIC_NO_PIC = NO;
				GCC_NO_COMMON_BLOCKS = YES;
				GCC_OPTIMIZATION_LEVEL = 0;
				GCC_PREPROCESSOR_DEFINITIONS = (
					"DEBUG=1",
					"$(inherited)",
				);
				GCC_WARN_64_TO_32_BIT_CONVERSION = YES;
				GCC_WARN_ABOUT_RETURN_TYPE = YES_ERROR;
				GCC_WARN_UNDECLARED_SELECTOR = YES;
				GCC_WARN_UNINITIALIZED_AUTOS = YES_AGGRESSIVE;
				GCC_WARN_UNUSED_FUNCTION = YES;
				GCC_WARN_UNUSED_VARIABLE = YES;
				IPHONEOS_DEPLOYMENT_TARGET = 12.1;
				MTL_ENABLE_DEBUG_INFO = INCLUDE_SOURCE;
				MTL_FAST_MATH = YES;
				ONLY_ACTIVE_ARCH = YES;
				SDKROOT = iphoneos;
			};
			name = Debug;
		};
		489C564F224DC1A100AA1318 /* Release */ = {
			isa = XCBuildConfiguration;
			buildSettings = {
				ALWAYS_SEARCH_USER_PATHS = NO;
				CLANG_ANALYZER_NONNULL = YES;
				CLANG_ANALYZER_NUMBER_OBJECT_CONVERSION = YES_AGGRESSIVE;
				CLANG_CXX_LANGUAGE_STANDARD = "gnu++14";
				CLANG_CXX_LIBRARY = "libc++";
				CLANG_ENABLE_MODULES = YES;
				CLANG_ENABLE_OBJC_ARC = YES;
				CLANG_ENABLE_OBJC_WEAK = YES;
				CLANG_WARN_BLOCK_CAPTURE_AUTORELEASING = YES;
				CLANG_WARN_BOOL_CONVERSION = YES;
				CLANG_WARN_COMMA = YES;
				CLANG_WARN_CONSTANT_CONVERSION = YES;
				CLANG_WARN_DEPRECATED_OBJC_IMPLEMENTATIONS = YES;
				CLANG_WARN_DIRECT_OBJC_ISA_USAGE = YES_ERROR;
				CLANG_WARN_DOCUMENTATION_COMMENTS = YES;
				CLANG_WARN_EMPTY_BODY = YES;
				CLANG_WARN_ENUM_CONVERSION = YES;
				CLANG_WARN_INFINITE_RECURSION = YES;
				CLANG_WARN_INT_CONVERSION = YES;
				CLANG_WARN_NON_LITERAL_NULL_CONVERSION = YES;
				CLANG_WARN_OBJC_IMPLICIT_RETAIN_SELF = YES;
				CLANG_WARN_OBJC_LITERAL_CONVERSION = YES;
				CLANG_WARN_OBJC_ROOT_CLASS = YES_ERROR;
				CLANG_WARN_RANGE_LOOP_ANALYSIS = YES;
				CLANG_WARN_STRICT_PROTOTYPES = YES;
				CLANG_WARN_SUSPICIOUS_MOVE = YES;
				CLANG_WARN_UNGUARDED_AVAILABILITY = YES_AGGRESSIVE;
				CLANG_WARN_UNREACHABLE_CODE = YES;
				CLANG_WARN__DUPLICATE_METHOD_MATCH = YES;
				CODE_SIGN_IDENTITY = "iPhone Developer";
				COPY_PHASE_STRIP = NO;
				DEBUG_INFORMATION_FORMAT = "dwarf-with-dsym";
				ENABLE_NS_ASSERTIONS = NO;
				ENABLE_STRICT_OBJC_MSGSEND = YES;
				GCC_C_LANGUAGE_STANDARD = gnu11;
				GCC_NO_COMMON_BLOCKS = YES;
				GCC_WARN_64_TO_32_BIT_CONVERSION = YES;
				GCC_WARN_ABOUT_RETURN_TYPE = YES_ERROR;
				GCC_WARN_UNDECLARED_SELECTOR = YES;
				GCC_WARN_UNINITIALIZED_AUTOS = YES_AGGRESSIVE;
				GCC_WARN_UNUSED_FUNCTION = YES;
				GCC_WARN_UNUSED_VARIABLE = YES;
				IPHONEOS_DEPLOYMENT_TARGET = 12.1;
				MTL_ENABLE_DEBUG_INFO = NO;
				MTL_FAST_MATH = YES;
				SDKROOT = iphoneos;
				VALIDATE_PRODUCT = YES;
			};
			name = Release;
		};
		489C5651224DC1A100AA1318 /* Debug */ = {
			isa = XCBuildConfiguration;
			baseConfigurationReference = 8AB6E908AF6F018A0893AAD2 /* Pods-HFMDBModelDemo.debug.xcconfig */;
			buildSettings = {
				ASSETCATALOG_COMPILER_APPICON_NAME = AppIcon;
				CODE_SIGN_STYLE = Automatic;
				INFOPLIST_FILE = HFMDBModelDemo/Info.plist;
				LD_RUNPATH_SEARCH_PATHS = (
					"$(inherited)",
					"@executable_path/Frameworks",
				);
				PRODUCT_BUNDLE_IDENTIFIER = rr.HFMDBModelDemo;
				PRODUCT_NAME = "$(TARGET_NAME)";
				TARGETED_DEVICE_FAMILY = "1,2";
			};
			name = Debug;
		};
		489C5652224DC1A100AA1318 /* Release */ = {
			isa = XCBuildConfiguration;
			baseConfigurationReference = F189F18E4A2B6B8600488219 /* Pods-HFMDBModelDemo.release.xcconfig */;
			buildSettings = {
				ASSETCATALOG_COMPILER_APPICON_NAME = AppIcon;
				CODE_SIGN_STYLE = Automatic;
				INFOPLIST_FILE = HFMDBModelDemo/Info.plist;
				LD_RUNPATH_SEARCH_PATHS = (
					"$(inherited)",
					"@executable_path/Frameworks",
				);
				PRODUCT_BUNDLE_IDENTIFIER = rr.HFMDBModelDemo;
				PRODUCT_NAME = "$(TARGET_NAME)";
				TARGETED_DEVICE_FAMILY = "1,2";
			};
			name = Release;
		};
		489C5654224DC1A100AA1318 /* Debug */ = {
			isa = XCBuildConfiguration;
			buildSettings = {
				BUNDLE_LOADER = "$(TEST_HOST)";
				CODE_SIGN_STYLE = Automatic;
				INFOPLIST_FILE = HFMDBModelDemoTests/Info.plist;
				LD_RUNPATH_SEARCH_PATHS = (
					"$(inherited)",
					"@executable_path/Frameworks",
					"@loader_path/Frameworks",
				);
				PRODUCT_BUNDLE_IDENTIFIER = rr.HFMDBModelDemoTests;
				PRODUCT_NAME = "$(TARGET_NAME)";
				TARGETED_DEVICE_FAMILY = "1,2";
				TEST_HOST = "$(BUILT_PRODUCTS_DIR)/HFMDBModelDemo.app/HFMDBModelDemo";
			};
			name = Debug;
		};
		489C5655224DC1A100AA1318 /* Release */ = {
			isa = XCBuildConfiguration;
			buildSettings = {
				BUNDLE_LOADER = "$(TEST_HOST)";
				CODE_SIGN_STYLE = Automatic;
				INFOPLIST_FILE = HFMDBModelDemoTests/Info.plist;
				LD_RUNPATH_SEARCH_PATHS = (
					"$(inherited)",
					"@executable_path/Frameworks",
					"@loader_path/Frameworks",
				);
				PRODUCT_BUNDLE_IDENTIFIER = rr.HFMDBModelDemoTests;
				PRODUCT_NAME = "$(TARGET_NAME)";
				TARGETED_DEVICE_FAMILY = "1,2";
				TEST_HOST = "$(BUILT_PRODUCTS_DIR)/HFMDBModelDemo.app/HFMDBModelDemo";
			};
			name = Release;
		};
		489C5657224DC1A100AA1318 /* Debug */ = {
			isa = XCBuildConfiguration;
			buildSettings = {
				CODE_SIGN_STYLE = Automatic;
				INFOPLIST_FILE = HFMDBModelDemoUITests/Info.plist;
				LD_RUNPATH_SEARCH_PATHS = (
					"$(inherited)",
					"@executable_path/Frameworks",
					"@loader_path/Frameworks",
				);
				PRODUCT_BUNDLE_IDENTIFIER = rr.HFMDBModelDemoUITests;
				PRODUCT_NAME = "$(TARGET_NAME)";
				TARGETED_DEVICE_FAMILY = "1,2";
				TEST_TARGET_NAME = HFMDBModelDemo;
			};
			name = Debug;
		};
		489C5658224DC1A100AA1318 /* Release */ = {
			isa = XCBuildConfiguration;
			buildSettings = {
				CODE_SIGN_STYLE = Automatic;
				INFOPLIST_FILE = HFMDBModelDemoUITests/Info.plist;
				LD_RUNPATH_SEARCH_PATHS = (
					"$(inherited)",
					"@executable_path/Frameworks",
					"@loader_path/Frameworks",
				);
				PRODUCT_BUNDLE_IDENTIFIER = rr.HFMDBModelDemoUITests;
				PRODUCT_NAME = "$(TARGET_NAME)";
				TARGETED_DEVICE_FAMILY = "1,2";
				TEST_TARGET_NAME = HFMDBModelDemo;
			};
			name = Release;
		};
/* End XCBuildConfiguration section */

/* Begin XCConfigurationList section */
		489C561F224DC19F00AA1318 /* Build configuration list for PBXProject "HFMDBModelDemo" */ = {
			isa = XCConfigurationList;
			buildConfigurations = (
				489C564E224DC1A100AA1318 /* Debug */,
				489C564F224DC1A100AA1318 /* Release */,
			);
			defaultConfigurationIsVisible = 0;
			defaultConfigurationName = Release;
		};
		489C5650224DC1A100AA1318 /* Build configuration list for PBXNativeTarget "HFMDBModelDemo" */ = {
			isa = XCConfigurationList;
			buildConfigurations = (
				489C5651224DC1A100AA1318 /* Debug */,
				489C5652224DC1A100AA1318 /* Release */,
			);
			defaultConfigurationIsVisible = 0;
			defaultConfigurationName = Release;
		};
		489C5653224DC1A100AA1318 /* Build configuration list for PBXNativeTarget "HFMDBModelDemoTests" */ = {
			isa = XCConfigurationList;
			buildConfigurations = (
				489C5654224DC1A100AA1318 /* Debug */,
				489C5655224DC1A100AA1318 /* Release */,
			);
			defaultConfigurationIsVisible = 0;
			defaultConfigurationName = Release;
		};
		489C5656224DC1A100AA1318 /* Build configuration list for PBXNativeTarget "HFMDBModelDemoUITests" */ = {
			isa = XCConfigurationList;
			buildConfigurations = (
				489C5657224DC1A100AA1318 /* Debug */,
				489C5658224DC1A100AA1318 /* Release */,
			);
			defaultConfigurationIsVisible = 0;
			defaultConfigurationName = Release;
		};
/* End XCConfigurationList section */
	};
	rootObject = 489C561C224DC19F00AA1318 /* Project object */;
}
